
Microsoft Visual Studio Solution File, Format Version 12.00
# Visual Studio Version 17
VisualStudioVersion = 17.8.34525.116
MinimumVisualStudioVersion = 10.0.40219.1
Project("{FAE04EC0-301F-11D3-BF4B-00C04F79EFBC}") = "BookStoreProject", "BookStoreProject.csproj", "{61161411-0C2F-489F-91A2-9ABF04873996}"
EndProject
Global
	GlobalSection(SolutionConfigurationPlatforms) = preSolution
		Debug|Any CPU = Debug|Any CPU
		Release|Any CPU = Release|Any CPU
	EndGlobalSection
	GlobalSection(ProjectConfigurationPlatforms) = postSolution
		{61161411-0C2F-489F-91A2-9ABF04873996}.Debug|Any CPU.ActiveCfg = Debug|Any CPU
		{61161411-0C2F-489F-91A2-9ABF04873996}.Debug|Any CPU.Build.0 = Debug|Any CPU
		{61161411-0C2F-489F-91A2-9ABF04873996}.Release|Any CPU.ActiveCfg = Release|Any CPU
		{61161411-0C2F-489F-91A2-9ABF04873996}.Release|Any CPU.Build.0 = Release|Any CPU
	EndGlobalSection
	GlobalSection(SolutionProperties) = preSolution
		HideSolutionNode = FALSE
	EndGlobalSection
	GlobalSection(ExtensibilityGlobals) = postSolution
		SolutionGuid = {21758F14-FF82-4FDB-A0DD-4E1BE9164D66}
	EndGlobalSection
EndGlobal
